{
  "name": "@dawaltconley/sass",
  "version": "0.1.0",
  "lockfileVersion": 1,
  "requires": true,
  "dependencies": {
    "normalize.css": {
      "version": "8.0.1",
      "resolved": "https://registry.npmjs.org/normalize.css/-/normalize.css-8.0.1.tgz",
      "integrity": "sha512-qizSNPO93t1YUuUhP22btGOo3chcvDFqFaj2TRybP0DMxkHOCTYwp3n34fel4a31ORXy4m1Xq0Gyqpb5m33qIg=="
    },
    "object-fit-images": {
      "version": "3.2.4",
      "resolved": "https://registry.npmjs.org/object-fit-images/-/object-fit-images-3.2.4.tgz",
      "integrity": "sha512-G+7LzpYfTfqUyrZlfrou/PLLLAPNC52FTy5y1CBywX+1/FkxIloOyQXBmZ3Zxa2AWO+lMF0JTuvqbr7G5e5CWg=="
    },
    "sass-color-helpers": {
      "version": "2.1.1",
      "resolved": "https://registry.npmjs.org/sass-color-helpers/-/sass-color-helpers-2.1.1.tgz",
      "integrity": "sha1-imeeIibmQRKiqzYIHPLAELbxHNY="
    }
  }
}
